Microsoft Visual Studio Solution File, Format Version 12.00
# Visual Studio Version 17
VisualStudioVersion = 17.5.2.0
MinimumVisualStudioVersion = 10.0.40219.1
Project("{FAE04EC0-301F-11D3-BF4B-00C04F79EFBC}") = "RayanTask", "RayanTask.csproj", "{82C47B8A-1BB4-F2DC-61DE-3024F9FEE2D3}"
EndProject
Global
	GlobalSection(SolutionConfigurationPlatforms) = preSolution
		Debug|Any CPU = Debug|Any CPU
		Release|Any CPU = Release|Any CPU
	EndGlobalSection
	GlobalSection(ProjectConfigurationPlatforms) = postSolution
		{82C47B8A-1BB4-F2DC-61DE-3024F9FEE2D3}.Debug|Any CPU.ActiveCfg = Debug|Any CPU
		{82C47B8A-1BB4-F2DC-61DE-3024F9FEE2D3}.Debug|Any CPU.Build.0 = Debug|Any CPU
		{82C47B8A-1BB4-F2DC-61DE-3024F9FEE2D3}.Release|Any CPU.ActiveCfg = Release|Any CPU
		{82C47B8A-1BB4-F2DC-61DE-3024F9FEE2D3}.Release|Any CPU.Build.0 = Release|Any CPU
	EndGlobalSection
	GlobalSection(SolutionProperties) = preSolution
		HideSolutionNode = FALSE
	EndGlobalSection
	GlobalSection(ExtensibilityGlobals) = postSolution
		SolutionGuid = {475EDAEC-512F-47B5-9814-1F6777209654}
	EndGlobalSection
EndGlobal
